
Microsoft Visual Studio Solution File, Format Version 12.00
# Visual Studio Version 17
VisualStudioVersion = 17.10.34928.147
MinimumVisualStudioVersion = 10.0.40219.1
Project("{8BC9CEB8-8B4A-11D0-8D11-00A0C91BC942}") = "GameEngine", "GameEngine\GameEngine.vcxproj", "{F1790C1C-E232-4063-BD3A-99960FD818D9}"
EndProject
Project("{8BC9CEB8-8B4A-11D0-8D11-00A0C91BC942}") = "Tests", "Tests\Tests.vcxproj", "{3B98267F-6482-4AEF-AEFD-DD27EB41E594}"
EndProject
Global
	GlobalSection(SolutionConfigurationPlatforms) = preSolution
		Debug|x64 = Debug|x64
		Debug|x86 = Debug|x86
		Release|x64 = Release|x64
		Release|x86 = Release|x86
	EndGlobalSection
	GlobalSection(ProjectConfigurationPlatforms) = postSolution
		{F1790C1C-E232-4063-BD3A-99960FD818D9}.Debug|x64.ActiveCfg = Debug|x64
		{F1790C1C-E232-4063-BD3A-99960FD818D9}.Debug|x64.Build.0 = Debug|x64
		{F1790C1C-E232-4063-BD3A-99960FD818D9}.Debug|x86.ActiveCfg = Debug|Win32
		{F1790C1C-E232-4063-BD3A-99960FD818D9}.Debug|x86.Build.0 = Debug|Win32
		{F1790C1C-E232-4063-BD3A-99960FD818D9}.Release|x64.ActiveCfg = Release|x64
		{F1790C1C-E232-4063-BD3A-99960FD818D9}.Release|x64.Build.0 = Release|x64
		{F1790C1C-E232-4063-BD3A-99960FD818D9}.Release|x86.ActiveCfg = Release|Win32
		{F1790C1C-E232-4063-BD3A-99960FD818D9}.Release|x86.Build.0 = Release|Win32
		{3B98267F-6482-4AEF-AEFD-DD27EB41E594}.Debug|x64.ActiveCfg = Debug|x64
		{3B98267F-6482-4AEF-AEFD-DD27EB41E594}.Debug|x64.Build.0 = Debug|x64
		{3B98267F-6482-4AEF-AEFD-DD27EB41E594}.Debug|x86.ActiveCfg = Debug|Win32
		{3B98267F-6482-4AEF-AEFD-DD27EB41E594}.Debug|x86.Build.0 = Debug|Win32
		{3B98267F-6482-4AEF-AEFD-DD27EB41E594}.Release|x64.ActiveCfg = Release|x64
		{3B98267F-6482-4AEF-AEFD-DD27EB41E594}.Release|x64.Build.0 = Release|x64
		{3B98267F-6482-4AEF-AEFD-DD27EB41E594}.Release|x86.ActiveCfg = Release|Win32
		{3B98267F-6482-4AEF-AEFD-DD27EB41E594}.Release|x86.Build.0 = Release|Win32
	EndGlobalSection
	GlobalSection(SolutionProperties) = preSolution
		HideSolutionNode = FALSE
	EndGlobalSection
	GlobalSection(ExtensibilityGlobals) = postSolution
		SolutionGuid = {8C383976-7D1C-45A6-BED0-D60DCF477AC7}
	EndGlobalSection
EndGlobal
